
Microsoft Visual Studio Solution File, Format Version 12.00
# Visual Studio Version 16
VisualStudioVersion = 16.0.30104.148
MinimumVisualStudioVersion = 10.0.40219.1
Project("{FAE04EC0-301F-11D3-BF4B-00C04F79EFBC}") = "SeaBattle", "SeaBattle\SeaBattle.csproj", "{89FBD512-E148-4AAA-96CD-97EE74BA85A0}"
EndProject
Global
	GlobalSection(SolutionConfigurationPlatforms) = preSolution
		Debug|Any CPU = Debug|Any CPU
		Release|Any CPU = Release|Any CPU
	EndGlobalSection
	GlobalSection(ProjectConfigurationPlatforms) = postSolution
		{89FBD512-E148-4AAA-96CD-97EE74BA85A0}.Debug|Any CPU.ActiveCfg = Debug|Any CPU
		{89FBD512-E148-4AAA-96CD-97EE74BA85A0}.Debug|Any CPU.Build.0 = Debug|Any CPU
		{89FBD512-E148-4AAA-96CD-97EE74BA85A0}.Release|Any CPU.ActiveCfg = Release|Any CPU
		{89FBD512-E148-4AAA-96CD-97EE74BA85A0}.Release|Any CPU.Build.0 = Release|Any CPU
	EndGlobalSection
	GlobalSection(SolutionProperties) = preSolution
		HideSolutionNode = FALSE
	EndGlobalSection
	GlobalSection(ExtensibilityGlobals) = postSolution
		SolutionGuid = {1389CDE7-7A46-46D1-A644-6EA8CEDF8A32}
	EndGlobalSection
EndGlobal
